
Microsoft Visual Studio Solution File, Format Version 12.00
# Visual Studio 2012
Project("{FAE04EC0-301F-11D3-BF4B-00C04F79EFBC}") = "Model", "Model\Model.csproj", "{88674F42-1A4D-4060-95A9-84BA38BE36DA}"
EndProject
Project("{FAE04EC0-301F-11D3-BF4B-00C04F79EFBC}") = "Helper", "Helper\Helper.csproj", "{21D99480-915D-40F4-B35B-F037C99B03D9}"
EndProject
Project("{FAE04EC0-301F-11D3-BF4B-00C04F79EFBC}") = "DAO", "DAO\DAO.csproj", "{B404C11F-4201-4AF1-A045-48F0E5F44288}"
EndProject
Global
	GlobalSection(SubversionScc) = preSolution
		Svn-Managed = True
		Manager = AnkhSVN - Subversion Support for Visual Studio
	EndGlobalSection
	GlobalSection(SolutionConfigurationPlatforms) = preSolution
		Debug|Any CPU = Debug|Any CPU
		Release|Any CPU = Release|Any CPU
	EndGlobalSection
	GlobalSection(ProjectConfigurationPlatforms) = postSolution
		{88674F42-1A4D-4060-95A9-84BA38BE36DA}.Debug|Any CPU.ActiveCfg = Debug|Any CPU
		{88674F42-1A4D-4060-95A9-84BA38BE36DA}.Debug|Any CPU.Build.0 = Debug|Any CPU
		{88674F42-1A4D-4060-95A9-84BA38BE36DA}.Release|Any CPU.ActiveCfg = Release|Any CPU
		{88674F42-1A4D-4060-95A9-84BA38BE36DA}.Release|Any CPU.Build.0 = Release|Any CPU
		{21D99480-915D-40F4-B35B-F037C99B03D9}.Debug|Any CPU.ActiveCfg = Debug|Any CPU
		{21D99480-915D-40F4-B35B-F037C99B03D9}.Debug|Any CPU.Build.0 = Debug|Any CPU
		{21D99480-915D-40F4-B35B-F037C99B03D9}.Release|Any CPU.ActiveCfg = Release|Any CPU
		{21D99480-915D-40F4-B35B-F037C99B03D9}.Release|Any CPU.Build.0 = Release|Any CPU
		{B404C11F-4201-4AF1-A045-48F0E5F44288}.Debug|Any CPU.ActiveCfg = Debug|Any CPU
		{B404C11F-4201-4AF1-A045-48F0E5F44288}.Debug|Any CPU.Build.0 = Debug|Any CPU
		{B404C11F-4201-4AF1-A045-48F0E5F44288}.Release|Any CPU.ActiveCfg = Release|Any CPU
		{B404C11F-4201-4AF1-A045-48F0E5F44288}.Release|Any CPU.Build.0 = Release|Any CPU
	EndGlobalSection
	GlobalSection(SolutionProperties) = preSolution
		HideSolutionNode = FALSE
	EndGlobalSection
EndGlobal
