
Microsoft Visual Studio Solution File, Format Version 12.00
# Visual Studio 2012
Project("{FAE04EC0-301F-11D3-BF4B-00C04F79EFBC}") = "TO.Model", "Model\TO.Model.csproj", "{88674F42-1A4D-4060-95A9-84BA38BE36DA}"
EndProject
Project("{FAE04EC0-301F-11D3-BF4B-00C04F79EFBC}") = "Helper", "Helper\Helper.csproj", "{21D99480-915D-40F4-B35B-F037C99B03D9}"
EndProject
Project("{FAE04EC0-301F-11D3-BF4B-00C04F79EFBC}") = "DAO", "DAO\DAO.csproj", "{B404C11F-4201-4AF1-A045-48F0E5F44288}"
EndProject
Project("{FAE04EC0-301F-11D3-BF4B-00C04F79EFBC}") = "BO.Service", "BO.Service\BO.Service.csproj", "{01AFE50C-92DC-40F4-B675-EF10970C0D61}"
EndProject
Project("{FAE04EC0-301F-11D3-BF4B-00C04F79EFBC}") = "BO.Contract", "BO.Contract\BO.Contract.csproj", "{D66E7808-277B-4111-9F05-C3F155DD314B}"
EndProject
Project("{FAE04EC0-301F-11D3-BF4B-00C04F79EFBC}") = "WCF.Host", "WCF.Host\WCF.Host.csproj", "{48D39076-6DA3-4414-9CB7-E449F0964266}"
EndProject
Project("{FAE04EC0-301F-11D3-BF4B-00C04F79EFBC}") = "WEB.Host", "WEB.Host\WEB.Host.csproj", "{827CED57-C103-46C3-A8D6-34C08F3E03DE}"
EndProject
Global
	GlobalSection(SubversionScc) = preSolution
		Svn-Managed = True
		Manager = AnkhSVN - Subversion Support for Visual Studio
	EndGlobalSection
	GlobalSection(SolutionConfigurationPlatforms) = preSolution
		Debug|Any CPU = Debug|Any CPU
		Release|Any CPU = Release|Any CPU
	EndGlobalSection
	GlobalSection(ProjectConfigurationPlatforms) = postSolution
		{88674F42-1A4D-4060-95A9-84BA38BE36DA}.Debug|Any CPU.ActiveCfg = Debug|Any CPU
		{88674F42-1A4D-4060-95A9-84BA38BE36DA}.Debug|Any CPU.Build.0 = Debug|Any CPU
		{88674F42-1A4D-4060-95A9-84BA38BE36DA}.Release|Any CPU.ActiveCfg = Release|Any CPU
		{88674F42-1A4D-4060-95A9-84BA38BE36DA}.Release|Any CPU.Build.0 = Release|Any CPU
		{21D99480-915D-40F4-B35B-F037C99B03D9}.Debug|Any CPU.ActiveCfg = Debug|Any CPU
		{21D99480-915D-40F4-B35B-F037C99B03D9}.Debug|Any CPU.Build.0 = Debug|Any CPU
		{21D99480-915D-40F4-B35B-F037C99B03D9}.Release|Any CPU.ActiveCfg = Release|Any CPU
		{21D99480-915D-40F4-B35B-F037C99B03D9}.Release|Any CPU.Build.0 = Release|Any CPU
		{B404C11F-4201-4AF1-A045-48F0E5F44288}.Debug|Any CPU.ActiveCfg = Debug|Any CPU
		{B404C11F-4201-4AF1-A045-48F0E5F44288}.Debug|Any CPU.Build.0 = Debug|Any CPU
		{B404C11F-4201-4AF1-A045-48F0E5F44288}.Release|Any CPU.ActiveCfg = Release|Any CPU
		{B404C11F-4201-4AF1-A045-48F0E5F44288}.Release|Any CPU.Build.0 = Release|Any CPU
		{01AFE50C-92DC-40F4-B675-EF10970C0D61}.Debug|Any CPU.ActiveCfg = Debug|Any CPU
		{01AFE50C-92DC-40F4-B675-EF10970C0D61}.Debug|Any CPU.Build.0 = Debug|Any CPU
		{01AFE50C-92DC-40F4-B675-EF10970C0D61}.Release|Any CPU.ActiveCfg = Release|Any CPU
		{01AFE50C-92DC-40F4-B675-EF10970C0D61}.Release|Any CPU.Build.0 = Release|Any CPU
		{D66E7808-277B-4111-9F05-C3F155DD314B}.Debug|Any CPU.ActiveCfg = Debug|Any CPU
		{D66E7808-277B-4111-9F05-C3F155DD314B}.Debug|Any CPU.Build.0 = Debug|Any CPU
		{D66E7808-277B-4111-9F05-C3F155DD314B}.Release|Any CPU.ActiveCfg = Release|Any CPU
		{D66E7808-277B-4111-9F05-C3F155DD314B}.Release|Any CPU.Build.0 = Release|Any CPU
		{48D39076-6DA3-4414-9CB7-E449F0964266}.Debug|Any CPU.ActiveCfg = Debug|Any CPU
		{48D39076-6DA3-4414-9CB7-E449F0964266}.Debug|Any CPU.Build.0 = Debug|Any CPU
		{48D39076-6DA3-4414-9CB7-E449F0964266}.Release|Any CPU.ActiveCfg = Release|Any CPU
		{48D39076-6DA3-4414-9CB7-E449F0964266}.Release|Any CPU.Build.0 = Release|Any CPU
		{827CED57-C103-46C3-A8D6-34C08F3E03DE}.Debug|Any CPU.ActiveCfg = Debug|Any CPU
		{827CED57-C103-46C3-A8D6-34C08F3E03DE}.Debug|Any CPU.Build.0 = Debug|Any CPU
		{827CED57-C103-46C3-A8D6-34C08F3E03DE}.Release|Any CPU.ActiveCfg = Release|Any CPU
		{827CED57-C103-46C3-A8D6-34C08F3E03DE}.Release|Any CPU.Build.0 = Release|Any CPU
	EndGlobalSection
	GlobalSection(SolutionProperties) = preSolution
		HideSolutionNode = FALSE
	EndGlobalSection
EndGlobal
